# THIS IS AN AUTOGENERATED FILE. DO NOT EDIT THIS FILE DIRECTLY.
# yarn lockfile v1
assertion-error@^1.0.1:
  version "1.0.2"
  resolved "https://registry.yarnpkg.com/assertion-error/-/assertion-error-1.0.2.tgz#13ca515d86206da0bac66e834dd397d87581094c"

before-today:
  version "2.1.1"
  resolved "https://registry.yarnpkg.com/before-today/-/before-today-2.1.1.tgz#1273bc244580ae6cab5756bf958916056324ceca"

chai:
  version "3.5.0"
  resolved "https://registry.yarnpkg.com/chai/-/chai-3.5.0.tgz#4d02637b067fe958bdbfdd3a40ec56fef7373247"
  dependencies:
    assertion-error "^1.0.1"
    deep-eql "^0.1.3"
    type-detect "^1.0.0"

chai-files:
  version "1.4.0"
  resolved "https://registry.yarnpkg.com/chai-files/-/chai-files-1.4.0.tgz#0e25610fadc551b1eae79c2f4ee79faf2f842296"
  dependencies:
    assertion-error "^1.0.1"

deep-eql@^0.1.3:
  version "0.1.3"
  resolved "https://registry.yarnpkg.com/deep-eql/-/deep-eql-0.1.3.tgz#ef558acab8de25206cd713906d74e56930eb69f2"
  dependencies:
    type-detect "0.1.1"

is-array-like@^1.1.2:
  version "1.1.2"
  resolved "https://registry.yarnpkg.com/is-array-like/-/is-array-like-1.1.2.tgz#7f280aa777f53eb31f74e1dcd3e040923186c205"
  dependencies:
    is-array "^1.0.1"
    is-function "^1.0.1"
    is-window "^1.0.1"

is-array@^1.0.1:
  version "1.0.1"
  resolved "https://registry.yarnpkg.com/is-array/-/is-array-1.0.1.tgz#e9850cc2cc860c3bc0977e84ccf0dd464584279a"

is-function@^1.0.1:
  version "1.0.1"
  resolved "https://registry.yarnpkg.com/is-function/-/is-function-1.0.1.tgz#12cfb98b65b57dd3d193a3121f5f6e2f437602b5"

is-window@^1.0.1:
  version "1.0.2"
  resolved "https://registry.yarnpkg.com/is-window/-/is-window-1.0.2.tgz#2c896ca53db97de45d3c33133a65d8c9f563480d"

random-array-index:
  version "1.1.0"
  resolved "https://registry.yarnpkg.com/random-array-index/-/random-array-index-1.1.0.tgz#d47dc4de17007170ba93d2a2709d9925df6f3722"
  dependencies:
    is-array-like "^1.1.2"

type-detect@^1.0.0:
  version "1.0.0"
  resolved "https://registry.yarnpkg.com/type-detect/-/type-detect-1.0.0.tgz#762217cc06db258ec48908a1298e8b95121e8ea2"

type-detect@0.1.1:
  version "0.1.1"
  resolved "https://registry.yarnpkg.com/type-detect/-/type-detect-0.1.1.tgz#0ba5ec2a885640e470ea4e8505971900dac58822"

